git.apache.org/thrift.git v0.13.0 h1:/3bz5WZ+sqYArk7MBBBbDufMxKKOA56/6JO6psDpUDY=
git.apache.org/thrift.git v0.13.0/go.mod h1:fPE2ZNJGynbRyZ4dJvy6G277gSllfV2HJqblrnkyeyg=
github.com/apache/thrift v0.13.0 h1:5hryIiq9gtn+MiLVn0wP37kb/uTeRZgN08WoCsAhIhI=
github.com/apache/thrift v0.13.0/go.mod h1:cp2SuWMxlEZw2r+iP2GNCdIi4C1qmUzdZFSVb+bacwQ=
github.com/monotrade/monotrade-sdk v0.0.1 h1:aBSSAD0Pfanz5zGwDEdUp4UnmkIeCQNULrSMrhG//+Y=
github.com/monotrade/monotrade-sdk v0.0.1/go.mod h1:r76ahZY15ouiKcvCiqOLRRAG3mVtw347v3SDKheI3GI=
